// !$*UTF8*$!
{
	archiveVersion = 1;
	classes = {
	};
	objectVersion = 46;
	objects = {

/* Begin PBXBuildFile section */
		10B414BB1E9DE49E001E7EBA /* FactProvider.swift in Sources */ = {isa = PBXBuildFile; fileRef = 10B414BA1E9DE49E001E7EBA /* FactProvider.swift */; };
		10B414BD1E9DF83A001E7EBA /* BackgroundColorProvider.swift in Sources */ = {isa = PBXBuildFile; fileRef = 10B414BC1E9DF83A001E7EBA /* BackgroundColorProvider.swift */; };
		10EC76581E9356BE0098D7F4 /* AppDelegate.swift in Sources */ = {isa = PBXBuildFile; fileRef = 10EC76571E9356BE0098D7F4 /* AppDelegate.swift */; };
		10EC765A1E9356BE0098D7F4 /* ViewController.swift in Sources */ = {isa = PBXBuildFile; fileRef = 10EC76591E9356BE0098D7F4 /* ViewController.swift */; };
		10EC765D1E9356BE0098D7F4 /* Main.storyboard in Resources */ = {isa = PBXBuildFile; fileRef = 10EC765B1E9356BE0098D7F4 /* Main.storyboard */; };
		10EC765F1E9356BE0098D7F4 /* Assets.xcassets in Resources */ = {isa = PBXBuildFile; fileRef = 10EC765E1E9356BE0098D7F4 /* Assets.xcassets */; };
		10EC76621E9356BE0098D7F4 /* LaunchScreen.storyboard in Resources */ = {isa = PBXBuildFile; fileRef = 10EC76601E9356BE0098D7F4 /* LaunchScreen.storyboard */; };
/* End PBXBuildFile section */

/* Begin PBXFileReference section */
		10B414BA1E9DE49E001E7EBA /* FactProvider.swift */ = {isa = PBXFileReference; fileEncoding = 4; lastKnownFileType = sourcecode.swift; path = FactProvider.swift; sourceTree = "<group>"; };
		10B414BC1E9DF83A001E7EBA /* BackgroundColorProvider.swift */ = {isa = PBXFileReference; fileEncoding = 4; lastKnownFileType = sourcecode.swift; path = BackgroundColorProvider.swift; sourceTree = "<group>"; };
		10EC76541E9356BE0098D7F4 /* FunFacts.app */ = {isa = PBXFileReference; explicitFileType = wrapper.application; includeInIndex = 0; path = FunFacts.app; sourceTree = BUILT_PRODUCTS_DIR; };
		10EC76571E9356BE0098D7F4 /* AppDelegate.swift */ = {isa = PBXFileReference; lastKnownFileType = sourcecode.swift; path = AppDelegate.swift; sourceTree = "<group>"; };
		10EC76591E9356BE0098D7F4 /* ViewController.swift */ = {isa = PBXFileReference; lastKnownFileType = sourcecode.swift; path = ViewController.swift; sourceTree = "<group>"; };
		10EC765C1E9356BE0098D7F4 /* Base */ = {isa = PBXFileReference; lastKnownFileType = file.storyboard; name = Base; path = Base.lproj/Main.storyboard; sourceTree = "<group>"; };
		10EC765E1E9356BE0098D7F4 /* Assets.xcassets */ = {isa = PBXFileReference; lastKnownFileType = folder.assetcatalog; path = Assets.xcassets; sourceTree = "<group>"; };
		10EC76611E9356BE0098D7F4 /* Base */ = {isa = PBXFileReference; lastKnownFileType = file.storyboard; name = Base; path = Base.lproj/LaunchScreen.storyboard; sourceTree = "<group>"; };
		10EC76631E9356BE0098D7F4 /* Info.plist */ = {isa = PBXFileReference; lastKnownFileType = text.plist.xml; path = Info.plist; sourceTree = "<group>"; };
/* End PBXFileReference section */

/* Begin PBXFrameworksBuildPhase section */
		10EC76511E9356BE0098D7F4 /* Frameworks */ = {
			isa = PBXFrameworksBuildPhase;
			buildActionMask = 2147483647;
			files = (
			);
			runOnlyForDeploymentPostprocessing = 0;
		};
/* End PBXFrameworksBuildPhase section */

/* Begin PBXGroup section */
		10EC764B1E9356BE0098D7F4 = {
			isa = PBXGroup;
			children = (
				10EC76561E9356BE0098D7F4 /* FunFacts */,
				10EC76551E9356BE0098D7F4 /* Products */,
			);
			sourceTree = "<group>";
		};
		10EC76551E9356BE0098D7F4 /* Products */ = {
			isa = PBXGroup;
			children = (
				10EC76541E9356BE0098D7F4 /* FunFacts.app */,
			);
			name = Products;
			sourceTree = "<group>";
		};
		10EC76561E9356BE0098D7F4 /* FunFacts */ = {
			isa = PBXGroup;
			children = (
				10EC76571E9356BE0098D7F4 /* AppDelegate.swift */,
				10EC76591E9356BE0098D7F4 /* ViewController.swift */,
				10EC765B1E9356BE0098D7F4 /* Main.storyboard */,
				10EC765E1E9356BE0098D7F4 /* Assets.xcassets */,
				10EC76601E9356BE0098D7F4 /* LaunchScreen.storyboard */,
				10EC76631E9356BE0098D7F4 /* Info.plist */,
				10B414BA1E9DE49E001E7EBA /* FactProvider.swift */,
				10B414BC1E9DF83A001E7EBA /* BackgroundColorProvider.swift */,
			);
			path = FunFacts;
			sourceTree = "<group>";
		};
/* End PBXGroup section */

/* Begin PBXNativeTarget section */
		10EC76531E9356BE0098D7F4 /* FunFacts */ = {
			isa = PBXNativeTarget;
			buildConfigurationList = 10EC76661E9356BE0098D7F4 /* Build configuration list for PBXNativeTarget "FunFacts" */;
			buildPhases = (
				10EC76501E9356BE0098D7F4 /* Sources */,
				10EC76511E9356BE0098D7F4 /* Frameworks */,
				10EC76521E9356BE0098D7F4 /* Resources */,
			);
			buildRules = (
			);
			dependencies = (
			);
			name = FunFacts;
			productName = FunFacts;
			productReference = 10EC76541E9356BE0098D7F4 /* FunFacts.app */;
			productType = "com.apple.product-type.application";
		};
/* End PBXNativeTarget section */

/* Begin PBXProject section */
		10EC764C1E9356BE0098D7F4 /* Project object */ = {
			isa = PBXProject;
			attributes = {
				LastSwiftUpdateCheck = 0820;
				LastUpgradeCheck = 0820;
				ORGANIZATIONNAME = "David Rosillo";
				TargetAttributes = {
					10EC76531E9356BE0098D7F4 = {
						CreatedOnToolsVersion = 8.2.1;
						DevelopmentTeam = VBKM8BVQR4;
						ProvisioningStyle = Automatic;
					};
				};
			};
			buildConfigurationList = 10EC764F1E9356BE0098D7F4 /* Build configuration list for PBXProject "FunFacts" */;
			compatibilityVersion = "Xcode 3.2";
			developmentRegion = English;
			hasScannedForEncodings = 0;
			knownRegions = (
				en,
				Base,
			);
			mainGroup = 10EC764B1E9356BE0098D7F4;
			productRefGroup = 10EC76551E9356BE0098D7F4 /* Products */;
			projectDirPath = "";
			projectRoot = "";
			targets = (
				10EC76531E9356BE0098D7F4 /* FunFacts */,
			);
		};
/* End PBXProject section */

/* Begin PBXResourcesBuildPhase section */
		10EC76521E9356BE0098D7F4 /* Resources */ = {
			isa = PBXResourcesBuildPhase;
			buildActionMask = 2147483647;
			files = (
				10EC76621E9356BE0098D7F4 /* LaunchScreen.storyboard in Resources */,
				10EC765F1E9356BE0098D7F4 /* Assets.xcassets in Resources */,
				10EC765D1E9356BE0098D7F4 /* Main.storyboard in Resources */,
			);
			runOnlyForDeploymentPostprocessing = 0;
		};
/* End PBXResourcesBuildPhase section */

/* Begin PBXSourcesBuildPhase section */
		10EC76501E9356BE0098D7F4 /* Sources */ = {
			isa = PBXSourcesBuildPhase;
			buildActionMask = 2147483647;
			files = (
				10EC765A1E9356BE0098D7F4 /* ViewController.swift in Sources */,
				10EC76581E9356BE0098D7F4 /* AppDelegate.swift in Sources */,
				10B414BD1E9DF83A001E7EBA /* BackgroundColorProvider.swift in Sources */,
				10B414BB1E9DE49E001E7EBA /* FactProvider.swift in Sources */,
			);
			runOnlyForDeploymentPostprocessing = 0;
		};
/* End PBXSourcesBuildPhase section */

/* Begin PBXVariantGroup section */
		10EC765B1E9356BE0098D7F4 /* Main.storyboard */ = {
			isa = PBXVariantGroup;
			children = (
				10EC765C1E9356BE0098D7F4 /* Base */,
			);
			name = Main.storyboard;
			sourceTree = "<group>";
		};
		10EC76601E9356BE0098D7F4 /* LaunchScreen.storyboard */ = {
			isa = PBXVariantGroup;
			children = (
				10EC76611E9356BE0098D7F4 /* Base */,
			);
			name = LaunchScreen.storyboard;
			sourceTree = "<group>";
		};
/* End PBXVariantGroup section */

/* Begin XCBuildConfiguration section */
		10EC76641E9356BE0098D7F4 /* Debug */ = {
			isa = XCBuildConfiguration;
			buildSettings = {
				ALWAYS_SEARCH_USER_PATHS = NO;
				CLANG_ANALYZER_NONNULL = YES;
				CLANG_CXX_LANGUAGE_STANDARD = "gnu++0x";
				CLANG_CXX_LIBRARY = "libc++";
				CLANG_ENABLE_MODULES = YES;
				CLANG_ENABLE_OBJC_ARC = YES;
				CLANG_WARN_BOOL_CONVERSION = YES;
				CLANG_WARN_CONSTANT_CONVERSION = YES;
				CLANG_WARN_DIRECT_OBJC_ISA_USAGE = YES_ERROR;
				CLANG_WARN_DOCUMENTATION_COMMENTS = YES;
				CLANG_WARN_EMPTY_BODY = YES;
				CLANG_WARN_ENUM_CONVERSION = YES;
				CLANG_WARN_INFINITE_RECURSION = YES;
				CLANG_WARN_INT_CONVERSION = YES;
				CLANG_WARN_OBJC_ROOT_CLASS = YES_ERROR;
				CLANG_WARN_SUSPICIOUS_MOVE = YES;
				CLANG_WARN_UNREACHABLE_CODE = YES;
				CLANG_WARN__DUPLICATE_METHOD_MATCH = YES;
				"CODE_SIGN_IDENTITY[sdk=iphoneos*]" = "iPhone Developer";
				COPY_PHASE_STRIP = NO;
				DEBUG_INFORMATION_FORMAT = dwarf;
				ENABLE_STRICT_OBJC_MSGSEND = YES;
				ENABLE_TESTABILITY = YES;
				GCC_C_LANGUAGE_STANDARD = gnu99;
				GCC_DYNAMIC_NO_PIC = NO;
				GCC_NO_COMMON_BLOCKS = YES;
				GCC_OPTIMIZATION_LEVEL = 0;
				GCC_PREPROCESSOR_DEFINITIONS = (
					"DEBUG=1",
					"$(inherited)",
				);
				GCC_WARN_64_TO_32_BIT_CONVERSION = YES;
				GCC_WARN_ABOUT_RETURN_TYPE = YES_ERROR;
				GCC_WARN_UNDECLARED_SELECTOR = YES;
				GCC_WARN_UNINITIALIZED_AUTOS = YES_AGGRESSIVE;
				GCC_WARN_UNUSED_FUNCTION = YES;
				GCC_WARN_UNUSED_VARIABLE = YES;
				IPHONEOS_DEPLOYMENT_TARGET = 10.2;
				MTL_ENABLE_DEBUG_INFO = YES;
				ONLY_ACTIVE_ARCH = YES;
				SDKROOT = iphoneos;
				SWIFT_ACTIVE_COMPILATION_CONDITIONS = DEBUG;
				SWIFT_OPTIMIZATION_LEVEL = "-Onone";
			};
			name = Debug;
		};
		10EC76651E9356BE0098D7F4 /* Release */ = {
			isa = XCBuildConfiguration;
			buildSettings = {
				ALWAYS_SEARCH_USER_PATHS = NO;
				CLANG_ANALYZER_NONNULL = YES;
				CLANG_CXX_LANGUAGE_STANDARD = "gnu++0x";
				CLANG_CXX_LIBRARY = "libc++";
				CLANG_ENABLE_MODULES = YES;
				CLANG_ENABLE_OBJC_ARC = YES;
				CLANG_WARN_BOOL_CONVERSION = YES;
				CLANG_WARN_CONSTANT_CONVERSION = YES;
				CLANG_WARN_DIRECT_OBJC_ISA_USAGE = YES_ERROR;
				CLANG_WARN_DOCUMENTATION_COMMENTS = YES;
				CLANG_WARN_EMPTY_BODY = YES;
				CLANG_WARN_ENUM_CONVERSION = YES;
				CLANG_WARN_INFINITE_RECURSION = YES;
				CLANG_WARN_INT_CONVERSION = YES;
				CLANG_WARN_OBJC_ROOT_CLASS = YES_ERROR;
				CLANG_WARN_SUSPICIOUS_MOVE = YES;
				CLANG_WARN_UNREACHABLE_CODE = YES;
				CLANG_WARN__DUPLICATE_METHOD_MATCH = YES;
				"CODE_SIGN_IDENTITY[sdk=iphoneos*]" = "iPhone Developer";
				COPY_PHASE_STRIP = NO;
				DEBUG_INFORMATION_FORMAT = "dwarf-with-dsym";
				ENABLE_NS_ASSERTIONS = NO;
				ENABLE_STRICT_OBJC_MSGSEND = YES;
				GCC_C_LANGUAGE_STANDARD = gnu99;
				GCC_NO_COMMON_BLOCKS = YES;
				GCC_WARN_64_TO_32_BIT_CONVERSION = YES;
				GCC_WARN_ABOUT_RETURN_TYPE = YES_ERROR;
				GCC_WARN_UNDECLARED_SELECTOR = YES;
				GCC_WARN_UNINITIALIZED_AUTOS = YES_AGGRESSIVE;
				GCC_WARN_UNUSED_FUNCTION = YES;
				GCC_WARN_UNUSED_VARIABLE = YES;
				IPHONEOS_DEPLOYMENT_TARGET = 10.2;
				MTL_ENABLE_DEBUG_INFO = NO;
				SDKROOT = iphoneos;
				SWIFT_OPTIMIZATION_LEVEL = "-Owholemodule";
				VALIDATE_PRODUCT = YES;
			};
			name = Release;
		};
		10EC76671E9356BE0098D7F4 /* Debug */ = {
			isa = XCBuildConfiguration;
			buildSettings = {
				ASSETCATALOG_COMPILER_APPICON_NAME = AppIcon;
				DEVELOPMENT_TEAM = VBKM8BVQR4;
				INFOPLIST_FILE = FunFacts/Info.plist;
				LD_RUNPATH_SEARCH_PATHS = "$(inherited) @executable_path/Frameworks";
				PRODUCT_BUNDLE_IDENTIFIER = com.davidrosillo.FunFacts.FunFacts;
				PRODUCT_NAME = "$(TARGET_NAME)";
				SWIFT_VERSION = 3.0;
			};
			name = Debug;
		};
		10EC76681E9356BE0098D7F4 /* Release */ = {
			isa = XCBuildConfiguration;
			buildSettings = {
				ASSETCATALOG_COMPILER_APPICON_NAME = AppIcon;
				DEVELOPMENT_TEAM = VBKM8BVQR4;
				INFOPLIST_FILE = FunFacts/Info.plist;
				LD_RUNPATH_SEARCH_PATHS = "$(inherited) @executable_path/Frameworks";
				PRODUCT_BUNDLE_IDENTIFIER = com.davidrosillo.FunFacts.FunFacts;
				PRODUCT_NAME = "$(TARGET_NAME)";
				SWIFT_VERSION = 3.0;
			};
			name = Release;
		};
/* End XCBuildConfiguration section */

/* Begin XCConfigurationList section */
		10EC764F1E9356BE0098D7F4 /* Build configuration list for PBXProject "FunFacts" */ = {
			isa = XCConfigurationList;
			buildConfigurations = (
				10EC76641E9356BE0098D7F4 /* Debug */,
				10EC76651E9356BE0098D7F4 /* Release */,
			);
			defaultConfigurationIsVisible = 0;
			defaultConfigurationName = Release;
		};
		10EC76661E9356BE0098D7F4 /* Build configuration list for PBXNativeTarget "FunFacts" */ = {
			isa = XCConfigurationList;
			buildConfigurations = (
				10EC76671E9356BE0098D7F4 /* Debug */,
				10EC76681E9356BE0098D7F4 /* Release */,
			);
			defaultConfigurationIsVisible = 0;
			defaultConfigurationName = Release;
		};
/* End XCConfigurationList section */
	};
	rootObject = 10EC764C1E9356BE0098D7F4 /* Project object */;
}
